// !$*UTF8*$!
{
	archiveVersion = 1;
	classes = {
	};
	objectVersion = 46;
	objects = {

/* Begin PBXBuildFile section */
		E1382DC91702A43F00D18D8F /* rssIconRetina.png in Resources */ = {isa = PBXBuildFile; fileRef = E1382DC81702A43F00D18D8F /* rssIconRetina.png */; };
		E1382DCB1702A47900D18D8F /* rssIconNormal.png in Resources */ = {isa = PBXBuildFile; fileRef = E1382DCA1702A47900D18D8F /* rssIconNormal.png */; };
		E1382DCD1702A54300D18D8F /* 140-gradhat@2x.png in Resources */ = {isa = PBXBuildFile; fileRef = E1382DCC1702A54300D18D8F /* 140-gradhat@2x.png */; };
		E1382DD11702A62200D18D8F /* 96-book@2x.png in Resources */ = {isa = PBXBuildFile; fileRef = E1382DD01702A62200D18D8F /* 96-book@2x.png */; };
		E1382DD71702A70900D18D8F /* 66-microphone@2x.png in Resources */ = {isa = PBXBuildFile; fileRef = E1382DD61702A70900D18D8F /* 66-microphone@2x.png */; };
		E1382DDD1702A7BD00D18D8F /* 65-note@2x.png in Resources */ = {isa = PBXBuildFile; fileRef = E1382DDC1702A7BD00D18D8F /* 65-note@2x.png */; };
		E15F3AC11705137600AEAC2F /* Button.png in Resources */ = {isa = PBXBuildFile; fileRef = E15F3AC01705137600AEAC2F /* Button.png */; };
		E15F3ACA17052EB500AEAC2F /* ITunesFetcherTableViewController.m in Sources */ = {isa = PBXBuildFile; fileRef = E15F3AC917052EB500AEAC2F /* ITunesFetcherTableViewController.m */; };
		E160637A170298A70034FCB7 /* defaultmissingphoto.png in Resources */ = {isa = PBXBuildFile; fileRef = E1606379170298A70034FCB7 /* defaultmissingphoto.png */; };
		E160637C170299C40034FCB7 /* 1364371582_App_A.png in Resources */ = {isa = PBXBuildFile; fileRef = E160637B170299C40034FCB7 /* 1364371582_App_A.png */; };
		E160637E17029D110034FCB7 /* 32-iphone.png in Resources */ = {isa = PBXBuildFile; fileRef = E160637D17029D110034FCB7 /* 32-iphone.png */; };
		E160638017029D330034FCB7 /* 46-movie-2.png in Resources */ = {isa = PBXBuildFile; fileRef = E160637F17029D330034FCB7 /* 46-movie-2.png */; };
		E160638217029D6B0034FCB7 /* 65-note.png in Resources */ = {isa = PBXBuildFile; fileRef = E160638117029D6B0034FCB7 /* 65-note.png */; };
		E160638417029D900034FCB7 /* 96-book.png in Resources */ = {isa = PBXBuildFile; fileRef = E160638317029D900034FCB7 /* 96-book.png */; };
		E160638617029DD10034FCB7 /* 66-microphone.png in Resources */ = {isa = PBXBuildFile; fileRef = E160638517029DD10034FCB7 /* 66-microphone.png */; };
		E160638817029E040034FCB7 /* 140-gradhat.png in Resources */ = {isa = PBXBuildFile; fileRef = E160638717029E040034FCB7 /* 140-gradhat.png */; };
		E160638A17029F410034FCB7 /* 32-iphone@2x.png in Resources */ = {isa = PBXBuildFile; fileRef = E160638917029F410034FCB7 /* 32-iphone@2x.png */; };
		E17956BA16F658A300AAD763 /* ITunesFetcher.m in Sources */ = {isa = PBXBuildFile; fileRef = E17956B916F658A300AAD763 /* ITunesFetcher.m */; };
		E17956BD16F658B200AAD763 /* ITunesMediaItem.m in Sources */ = {isa = PBXBuildFile; fileRef = E17956BC16F658B200AAD763 /* ITunesMediaItem.m */; };
		E17956C116F658E800AAD763 /* ITunesMediaItemTableViewCell.m in Sources */ = {isa = PBXBuildFile; fileRef = E17956C016F658E800AAD763 /* ITunesMediaItemTableViewCell.m */; };
		E17956C516F6594E00AAD763 /* FreeAppsViewController.m in Sources */ = {isa = PBXBuildFile; fileRef = E17956C416F6594E00AAD763 /* FreeAppsViewController.m */; };
		E17956C916F6597000AAD763 /* SongsViewController.m in Sources */ = {isa = PBXBuildFile; fileRef = E17956C816F6597000AAD763 /* SongsViewController.m */; };
		E17956CC16F6598A00AAD763 /* ITunesUViewController.m in Sources */ = {isa = PBXBuildFile; fileRef = E17956CB16F6598A00AAD763 /* ITunesUViewController.m */; };
		E17956CF16F659BA00AAD763 /* MoviesViewController.m in Sources */ = {isa = PBXBuildFile; fileRef = E17956CE16F659BA00AAD763 /* MoviesViewController.m */; };
		E17956D216F65B5A00AAD763 /* BooksViewController.m in Sources */ = {isa = PBXBuildFile; fileRef = E17956D116F65B5A00AAD763 /* BooksViewController.m */; };
		E17956D516F65B6B00AAD763 /* PodcastsViewController.m in Sources */ = {isa = PBXBuildFile; fileRef = E17956D416F65B6B00AAD763 /* PodcastsViewController.m */; };
		E1D1ABBD16FE70CC00FA2EDD /* ITunesMediaItemDetailViewController.m in Sources */ = {isa = PBXBuildFile; fileRef = E1D1ABBC16FE70CC00FA2EDD /* ITunesMediaItemDetailViewController.m */; };
		E1F82ED216F2AE9300E8E353 /* UIKit.framework in Frameworks */ = {isa = PBXBuildFile; fileRef = E1F82ED116F2AE9300E8E353 /* UIKit.framework */; };
		E1F82ED416F2AE9300E8E353 /* Foundation.framework in Frameworks */ = {isa = PBXBuildFile; fileRef = E1F82ED316F2AE9300E8E353 /* Foundation.framework */; };
		E1F82ED616F2AE9300E8E353 /* CoreGraphics.framework in Frameworks */ = {isa = PBXBuildFile; fileRef = E1F82ED516F2AE9300E8E353 /* CoreGraphics.framework */; };
		E1F82EDC16F2AE9300E8E353 /* InfoPlist.strings in Resources */ = {isa = PBXBuildFile; fileRef = E1F82EDA16F2AE9300E8E353 /* InfoPlist.strings */; };
		E1F82EDE16F2AE9300E8E353 /* main.m in Sources */ = {isa = PBXBuildFile; fileRef = E1F82EDD16F2AE9300E8E353 /* main.m */; };
		E1F82EE216F2AE9300E8E353 /* ITunesFetcherAppDelegate.m in Sources */ = {isa = PBXBuildFile; fileRef = E1F82EE116F2AE9300E8E353 /* ITunesFetcherAppDelegate.m */; };
		E1F82EE416F2AE9300E8E353 /* Default.png in Resources */ = {isa = PBXBuildFile; fileRef = E1F82EE316F2AE9300E8E353 /* Default.png */; };
		E1F82EE616F2AE9300E8E353 /* Default@2x.png in Resources */ = {isa = PBXBuildFile; fileRef = E1F82EE516F2AE9300E8E353 /* Default@2x.png */; };
		E1F82EE816F2AE9300E8E353 /* Default-568h@2x.png in Resources */ = {isa = PBXBuildFile; fileRef = E1F82EE716F2AE9300E8E353 /* Default-568h@2x.png */; };
		E1F82EEB16F2AE9300E8E353 /* MainStoryboard.storyboard in Resources */ = {isa = PBXBuildFile; fileRef = E1F82EE916F2AE9300E8E353 /* MainStoryboard.storyboard */; };
		E1FB00FE1703548600EFFEE0 /* ITunesFetcherData.m in Sources */ = {isa = PBXBuildFile; fileRef = E1FB00FD1703548600EFFEE0 /* ITunesFetcherData.m */; };
/* End PBXBuildFile section */

/* Begin PBXFileReference section */
		E1382DC81702A43F00D18D8F /* rssIconRetina.png */ = {isa = PBXFileReference; lastKnownFileType = image.png; path = rssIconRetina.png; sourceTree = "<group>"; };
		E1382DCA1702A47900D18D8F /* rssIconNormal.png */ = {isa = PBXFileReference; lastKnownFileType = image.png; path = rssIconNormal.png; sourceTree = "<group>"; };
		E1382DCC1702A54300D18D8F /* 140-gradhat@2x.png */ = {isa = PBXFileReference; lastKnownFileType = image.png; name = "140-gradhat@2x.png"; path = "../../../../Downloads/glyphish-icons/PNG icons/140-gradhat@2x.png"; sourceTree = "<group>"; };
		E1382DD01702A62200D18D8F /* 96-book@2x.png */ = {isa = PBXFileReference; lastKnownFileType = image.png; path = "96-book@2x.png"; sourceTree = "<group>"; };
		E1382DD61702A70900D18D8F /* 66-microphone@2x.png */ = {isa = PBXFileReference; lastKnownFileType = image.png; path = "66-microphone@2x.png"; sourceTree = "<group>"; };
		E1382DDC1702A7BD00D18D8F /* 65-note@2x.png */ = {isa = PBXFileReference; lastKnownFileType = image.png; path = "65-note@2x.png"; sourceTree = "<group>"; };
		E15F3AC01705137600AEAC2F /* Button.png */ = {isa = PBXFileReference; lastKnownFileType = image.png; path = Button.png; sourceTree = "<group>"; };
		E15F3AC817052EB500AEAC2F /* ITunesFetcherTableViewController.h */ = {isa = PBXFileReference; fileEncoding = 4; lastKnownFileType = sourcecode.c.h; name = ITunesFetcherTableViewController.h; path = controllers/ITunesFetcherTableViewController.h; sourceTree = "<group>"; };
		E15F3AC917052EB500AEAC2F /* ITunesFetcherTableViewController.m */ = {isa = PBXFileReference; fileEncoding = 4; lastKnownFileType = sourcecode.c.objc; name = ITunesFetcherTableViewController.m; path = controllers/ITunesFetcherTableViewController.m; sourceTree = "<group>"; };
		E1606379170298A70034FCB7 /* defaultmissingphoto.png */ = {isa = PBXFileReference; lastKnownFileType = image.png; path = defaultmissingphoto.png; sourceTree = "<group>"; };
		E160637B170299C40034FCB7 /* 1364371582_App_A.png */ = {isa = PBXFileReference; lastKnownFileType = image.png; path = 1364371582_App_A.png; sourceTree = "<group>"; };
		E160637D17029D110034FCB7 /* 32-iphone.png */ = {isa = PBXFileReference; lastKnownFileType = image.png; path = "32-iphone.png"; sourceTree = "<group>"; };
		E160637F17029D330034FCB7 /* 46-movie-2.png */ = {isa = PBXFileReference; lastKnownFileType = image.png; path = "46-movie-2.png"; sourceTree = "<group>"; };
		E160638117029D6B0034FCB7 /* 65-note.png */ = {isa = PBXFileReference; lastKnownFileType = image.png; path = "65-note.png"; sourceTree = "<group>"; };
		E160638317029D900034FCB7 /* 96-book.png */ = {isa = PBXFileReference; lastKnownFileType = image.png; path = "96-book.png"; sourceTree = "<group>"; };
		E160638517029DD10034FCB7 /* 66-microphone.png */ = {isa = PBXFileReference; lastKnownFileType = image.png; path = "66-microphone.png"; sourceTree = "<group>"; };
		E160638717029E040034FCB7 /* 140-gradhat.png */ = {isa = PBXFileReference; lastKnownFileType = image.png; path = "140-gradhat.png"; sourceTree = "<group>"; };
		E160638917029F410034FCB7 /* 32-iphone@2x.png */ = {isa = PBXFileReference; lastKnownFileType = image.png; path = "32-iphone@2x.png"; sourceTree = "<group>"; };
		E17956B816F658A300AAD763 /* ITunesFetcher.h */ = {isa = PBXFileReference; fileEncoding = 4; lastKnownFileType = sourcecode.c.h; name = ITunesFetcher.h; path = ITunesFetcher/models/ITunesFetcher.h; sourceTree = "<group>"; };
		E17956B916F658A300AAD763 /* ITunesFetcher.m */ = {isa = PBXFileReference; fileEncoding = 4; lastKnownFileType = sourcecode.c.objc; name = ITunesFetcher.m; path = ITunesFetcher/models/ITunesFetcher.m; sourceTree = "<group>"; };
		E17956BB16F658B200AAD763 /* ITunesMediaItem.h */ = {isa = PBXFileReference; fileEncoding = 4; lastKnownFileType = sourcecode.c.h; name = ITunesMediaItem.h; path = ITunesFetcher/models/ITunesMediaItem.h; sourceTree = "<group>"; };
		E17956BC16F658B200AAD763 /* ITunesMediaItem.m */ = {isa = PBXFileReference; fileEncoding = 4; lastKnownFileType = sourcecode.c.objc; name = ITunesMediaItem.m; path = ITunesFetcher/models/ITunesMediaItem.m; sourceTree = "<group>"; };
		E17956BF16F658E800AAD763 /* ITunesMediaItemTableViewCell.h */ = {isa = PBXFileReference; fileEncoding = 4; lastKnownFileType = sourcecode.c.h; name = ITunesMediaItemTableViewCell.h; path = ITunesFetcher/views/ITunesMediaItemTableViewCell.h; sourceTree = "<group>"; };
		E17956C016F658E800AAD763 /* ITunesMediaItemTableViewCell.m */ = {isa = PBXFileReference; fileEncoding = 4; lastKnownFileType = sourcecode.c.objc; name = ITunesMediaItemTableViewCell.m; path = ITunesFetcher/views/ITunesMediaItemTableViewCell.m; sourceTree = "<group>"; };
		E17956C316F6594E00AAD763 /* FreeAppsViewController.h */ = {isa = PBXFileReference; fileEncoding = 4; lastKnownFileType = sourcecode.c.h; name = FreeAppsViewController.h; path = controllers/FreeAppsViewController.h; sourceTree = "<group>"; };
		E17956C416F6594E00AAD763 /* FreeAppsViewController.m */ = {isa = PBXFileReference; fileEncoding = 4; lastKnownFileType = sourcecode.c.objc; name = FreeAppsViewController.m; path = controllers/FreeAppsViewController.m; sourceTree = "<group>"; };
		E17956C716F6597000AAD763 /* SongsViewController.h */ = {isa = PBXFileReference; fileEncoding = 4; lastKnownFileType = sourcecode.c.h; name = SongsViewController.h; path = controllers/SongsViewController.h; sourceTree = "<group>"; };
		E17956C816F6597000AAD763 /* SongsViewController.m */ = {isa = PBXFileReference; fileEncoding = 4; lastKnownFileType = sourcecode.c.objc; name = SongsViewController.m; path = controllers/SongsViewController.m; sourceTree = "<group>"; };
		E17956CA16F6598A00AAD763 /* ITunesUViewController.h */ = {isa = PBXFileReference; fileEncoding = 4; lastKnownFileType = sourcecode.c.h; name = ITunesUViewController.h; path = controllers/ITunesUViewController.h; sourceTree = "<group>"; };
		E17956CB16F6598A00AAD763 /* ITunesUViewController.m */ = {isa = PBXFileReference; fileEncoding = 4; lastKnownFileType = sourcecode.c.objc; name = ITunesUViewController.m; path = controllers/ITunesUViewController.m; sourceTree = "<group>"; };
		E17956CD16F659BA00AAD763 /* MoviesViewController.h */ = {isa = PBXFileReference; fileEncoding = 4; lastKnownFileType = sourcecode.c.h; name = MoviesViewController.h; path = controllers/MoviesViewController.h; sourceTree = "<group>"; };
		E17956CE16F659BA00AAD763 /* MoviesViewController.m */ = {isa = PBXFileReference; fileEncoding = 4; lastKnownFileType = sourcecode.c.objc; name = MoviesViewController.m; path = controllers/MoviesViewController.m; sourceTree = "<group>"; };
		E17956D016F65B5A00AAD763 /* BooksViewController.h */ = {isa = PBXFileReference; fileEncoding = 4; lastKnownFileType = sourcecode.c.h; name = BooksViewController.h; path = controllers/BooksViewController.h; sourceTree = "<group>"; };
		E17956D116F65B5A00AAD763 /* BooksViewController.m */ = {isa = PBXFileReference; fileEncoding = 4; lastKnownFileType = sourcecode.c.objc; name = BooksViewController.m; path = controllers/BooksViewController.m; sourceTree = "<group>"; };
		E17956D316F65B6B00AAD763 /* PodcastsViewController.h */ = {isa = PBXFileReference; fileEncoding = 4; lastKnownFileType = sourcecode.c.h; name = PodcastsViewController.h; path = controllers/PodcastsViewController.h; sourceTree = "<group>"; };
		E17956D416F65B6B00AAD763 /* PodcastsViewController.m */ = {isa = PBXFileReference; fileEncoding = 4; lastKnownFileType = sourcecode.c.objc; name = PodcastsViewController.m; path = controllers/PodcastsViewController.m; sourceTree = "<group>"; };
		E1D1ABBB16FE70CC00FA2EDD /* ITunesMediaItemDetailViewController.h */ = {isa = PBXFileReference; fileEncoding = 4; lastKnownFileType = sourcecode.c.h; name = ITunesMediaItemDetailViewController.h; path = controllers/ITunesMediaItemDetailViewController.h; sourceTree = "<group>"; };
		E1D1ABBC16FE70CC00FA2EDD /* ITunesMediaItemDetailViewController.m */ = {isa = PBXFileReference; fileEncoding = 4; lastKnownFileType = sourcecode.c.objc; name = ITunesMediaItemDetailViewController.m; path = controllers/ITunesMediaItemDetailViewController.m; sourceTree = "<group>"; };
		E1F82ECE16F2AE9300E8E353 /* ITunesFetcher.app */ = {isa = PBXFileReference; explicitFileType = wrapper.application; includeInIndex = 0; path = ITunesFetcher.app; sourceTree = BUILT_PRODUCTS_DIR; };
		E1F82ED116F2AE9300E8E353 /* UIKit.framework */ = {isa = PBXFileReference; lastKnownFileType = wrapper.framework; name = UIKit.framework; path = System/Library/Frameworks/UIKit.framework; sourceTree = SDKROOT; };
		E1F82ED316F2AE9300E8E353 /* Foundation.framework */ = {isa = PBXFileReference; lastKnownFileType = wrapper.framework; name = Foundation.framework; path = System/Library/Frameworks/Foundation.framework; sourceTree = SDKROOT; };
		E1F82ED516F2AE9300E8E353 /* CoreGraphics.framework */ = {isa = PBXFileReference; lastKnownFileType = wrapper.framework; name = CoreGraphics.framework; path = System/Library/Frameworks/CoreGraphics.framework; sourceTree = SDKROOT; };
		E1F82ED916F2AE9300E8E353 /* ITunesFetcher-Info.plist */ = {isa = PBXFileReference; lastKnownFileType = text.plist.xml; path = "ITunesFetcher-Info.plist"; sourceTree = "<group>"; };
		E1F82EDB16F2AE9300E8E353 /* en */ = {isa = PBXFileReference; lastKnownFileType = text.plist.strings; name = en; path = en.lproj/InfoPlist.strings; sourceTree = "<group>"; };
		E1F82EDD16F2AE9300E8E353 /* main.m */ = {isa = PBXFileReference; lastKnownFileType = sourcecode.c.objc; path = main.m; sourceTree = "<group>"; };
		E1F82EDF16F2AE9300E8E353 /* ITunesFetcher-Prefix.pch */ = {isa = PBXFileReference; lastKnownFileType = sourcecode.c.h; path = "ITunesFetcher-Prefix.pch"; sourceTree = "<group>"; };
		E1F82EE016F2AE9300E8E353 /* ITunesFetcherAppDelegate.h */ = {isa = PBXFileReference; lastKnownFileType = sourcecode.c.h; path = ITunesFetcherAppDelegate.h; sourceTree = "<group>"; };
		E1F82EE116F2AE9300E8E353 /* ITunesFetcherAppDelegate.m */ = {isa = PBXFileReference; lastKnownFileType = sourcecode.c.objc; path = ITunesFetcherAppDelegate.m; sourceTree = "<group>"; };
		E1F82EE316F2AE9300E8E353 /* Default.png */ = {isa = PBXFileReference; lastKnownFileType = image.png; path = Default.png; sourceTree = "<group>"; };
		E1F82EE516F2AE9300E8E353 /* Default@2x.png */ = {isa = PBXFileReference; lastKnownFileType = image.png; path = "Default@2x.png"; sourceTree = "<group>"; };
		E1F82EE716F2AE9300E8E353 /* Default-568h@2x.png */ = {isa = PBXFileReference; lastKnownFileType = image.png; path = "Default-568h@2x.png"; sourceTree = "<group>"; };
		E1F82EEA16F2AE9300E8E353 /* en */ = {isa = PBXFileReference; lastKnownFileType = file.storyboard; name = en; path = en.lproj/MainStoryboard.storyboard; sourceTree = "<group>"; };
		E1FB00FC1703548600EFFEE0 /* ITunesFetcherData.h */ = {isa = PBXFileReference; fileEncoding = 4; lastKnownFileType = sourcecode.c.h; name = ITunesFetcherData.h; path = ITunesFetcher/models/ITunesFetcherData.h; sourceTree = "<group>"; };
		E1FB00FD1703548600EFFEE0 /* ITunesFetcherData.m */ = {isa = PBXFileReference; fileEncoding = 4; lastKnownFileType = sourcecode.c.objc; name = ITunesFetcherData.m; path = ITunesFetcher/models/ITunesFetcherData.m; sourceTree = "<group>"; };
/* End PBXFileReference section */

/* Begin PBXFrameworksBuildPhase section */
		E1F82ECB16F2AE9300E8E353 /* Frameworks */ = {
			isa = PBXFrameworksBuildPhase;
			buildActionMask = 2147483647;
			files = (
				E1F82ED216F2AE9300E8E353 /* UIKit.framework in Frameworks */,
				E1F82ED416F2AE9300E8E353 /* Foundation.framework in Frameworks */,
				E1F82ED616F2AE9300E8E353 /* CoreGraphics.framework in Frameworks */,
			);
			runOnlyForDeploymentPostprocessing = 0;
		};
/* End PBXFrameworksBuildPhase section */

/* Begin PBXGroup section */
		E17956BE16F658B900AAD763 /* models */ = {
			isa = PBXGroup;
			children = (
				E17956B816F658A300AAD763 /* ITunesFetcher.h */,
				E17956B916F658A300AAD763 /* ITunesFetcher.m */,
				E17956BB16F658B200AAD763 /* ITunesMediaItem.h */,
				E17956BC16F658B200AAD763 /* ITunesMediaItem.m */,
				E1FB00FC1703548600EFFEE0 /* ITunesFetcherData.h */,
				E1FB00FD1703548600EFFEE0 /* ITunesFetcherData.m */,
			);
			name = models;
			path = ..;
			sourceTree = "<group>";
		};
		E17956C216F658EB00AAD763 /* views */ = {
			isa = PBXGroup;
			children = (
				E17956BF16F658E800AAD763 /* ITunesMediaItemTableViewCell.h */,
				E17956C016F658E800AAD763 /* ITunesMediaItemTableViewCell.m */,
			);
			name = views;
			path = ..;
			sourceTree = "<group>";
		};
		E17956C616F6595200AAD763 /* Controllers */ = {
			isa = PBXGroup;
			children = (
				E15F3AC817052EB500AEAC2F /* ITunesFetcherTableViewController.h */,
				E15F3AC917052EB500AEAC2F /* ITunesFetcherTableViewController.m */,
				E1D1ABBB16FE70CC00FA2EDD /* ITunesMediaItemDetailViewController.h */,
				E1D1ABBC16FE70CC00FA2EDD /* ITunesMediaItemDetailViewController.m */,
				E17956D016F65B5A00AAD763 /* BooksViewController.h */,
				E17956D116F65B5A00AAD763 /* BooksViewController.m */,
				E17956C316F6594E00AAD763 /* FreeAppsViewController.h */,
				E17956C416F6594E00AAD763 /* FreeAppsViewController.m */,
				E17956CA16F6598A00AAD763 /* ITunesUViewController.h */,
				E17956CB16F6598A00AAD763 /* ITunesUViewController.m */,
				E17956CD16F659BA00AAD763 /* MoviesViewController.h */,
				E17956CE16F659BA00AAD763 /* MoviesViewController.m */,
				E17956D316F65B6B00AAD763 /* PodcastsViewController.h */,
				E17956D416F65B6B00AAD763 /* PodcastsViewController.m */,
				E17956C716F6597000AAD763 /* SongsViewController.h */,
				E17956C816F6597000AAD763 /* SongsViewController.m */,
			);
			name = Controllers;
			sourceTree = "<group>";
		};
		E17956D616F65C2500AAD763 /* Images */ = {
			isa = PBXGroup;
			children = (
				E15F3AC01705137600AEAC2F /* Button.png */,
				E160638717029E040034FCB7 /* 140-gradhat.png */,
				E1382DCC1702A54300D18D8F /* 140-gradhat@2x.png */,
				E160638517029DD10034FCB7 /* 66-microphone.png */,
				E1382DD61702A70900D18D8F /* 66-microphone@2x.png */,
				E160638317029D900034FCB7 /* 96-book.png */,
				E1382DD01702A62200D18D8F /* 96-book@2x.png */,
				E160638117029D6B0034FCB7 /* 65-note.png */,
				E1382DDC1702A7BD00D18D8F /* 65-note@2x.png */,
				E160637F17029D330034FCB7 /* 46-movie-2.png */,
				E160637D17029D110034FCB7 /* 32-iphone.png */,
				E160638917029F410034FCB7 /* 32-iphone@2x.png */,
				E160637B170299C40034FCB7 /* 1364371582_App_A.png */,
				E1606379170298A70034FCB7 /* defaultmissingphoto.png */,
			);
			name = Images;
			sourceTree = "<group>";
		};
		E1F82EC516F2AE9300E8E353 = {
			isa = PBXGroup;
			children = (
				E1382DCA1702A47900D18D8F /* rssIconNormal.png */,
				E1382DC81702A43F00D18D8F /* rssIconRetina.png */,
				E1F82ED716F2AE9300E8E353 /* ITunesFetcher */,
				E1F82ED816F2AE9300E8E353 /* Supporting Files */,
				E1F82ED016F2AE9300E8E353 /* Frameworks */,
				E1F82ECF16F2AE9300E8E353 /* Products */,
			);
			sourceTree = "<group>";
		};
		E1F82ECF16F2AE9300E8E353 /* Products */ = {
			isa = PBXGroup;
			children = (
				E1F82ECE16F2AE9300E8E353 /* ITunesFetcher.app */,
			);
			name = Products;
			sourceTree = "<group>";
		};
		E1F82ED016F2AE9300E8E353 /* Frameworks */ = {
			isa = PBXGroup;
			children = (
				E1F82ED116F2AE9300E8E353 /* UIKit.framework */,
				E1F82ED316F2AE9300E8E353 /* Foundation.framework */,
				E1F82ED516F2AE9300E8E353 /* CoreGraphics.framework */,
			);
			name = Frameworks;
			sourceTree = "<group>";
		};
		E1F82ED716F2AE9300E8E353 /* ITunesFetcher */ = {
			isa = PBXGroup;
			children = (
				E1F82EE916F2AE9300E8E353 /* MainStoryboard.storyboard */,
				E17956C616F6595200AAD763 /* Controllers */,
				E17956BE16F658B900AAD763 /* models */,
				E17956C216F658EB00AAD763 /* views */,
				E17956D616F65C2500AAD763 /* Images */,
			);
			path = ITunesFetcher;
			sourceTree = "<group>";
		};
		E1F82ED816F2AE9300E8E353 /* Supporting Files */ = {
			isa = PBXGroup;
			children = (
				E1F82EE016F2AE9300E8E353 /* ITunesFetcherAppDelegate.h */,
				E1F82EE116F2AE9300E8E353 /* ITunesFetcherAppDelegate.m */,
				E1F82ED916F2AE9300E8E353 /* ITunesFetcher-Info.plist */,
				E1F82EDA16F2AE9300E8E353 /* InfoPlist.strings */,
				E1F82EDD16F2AE9300E8E353 /* main.m */,
				E1F82EDF16F2AE9300E8E353 /* ITunesFetcher-Prefix.pch */,
				E1F82EE316F2AE9300E8E353 /* Default.png */,
				E1F82EE516F2AE9300E8E353 /* Default@2x.png */,
				E1F82EE716F2AE9300E8E353 /* Default-568h@2x.png */,
			);
			name = "Supporting Files";
			path = ITunesFetcher;
			sourceTree = "<group>";
		};
/* End PBXGroup section */

/* Begin PBXNativeTarget section */
		E1F82ECD16F2AE9300E8E353 /* ITunesFetcher */ = {
			isa = PBXNativeTarget;
			buildConfigurationList = E1F82EF116F2AE9300E8E353 /* Build configuration list for PBXNativeTarget "ITunesFetcher" */;
			buildPhases = (
				E1F82ECA16F2AE9300E8E353 /* Sources */,
				E1F82ECB16F2AE9300E8E353 /* Frameworks */,
				E1F82ECC16F2AE9300E8E353 /* Resources */,
			);
			buildRules = (
			);
			dependencies = (
			);
			name = ITunesFetcher;
			productName = ITunesFetcher;
			productReference = E1F82ECE16F2AE9300E8E353 /* ITunesFetcher.app */;
			productType = "com.apple.product-type.application";
		};
/* End PBXNativeTarget section */

/* Begin PBXProject section */
		E1F82EC616F2AE9300E8E353 /* Project object */ = {
			isa = PBXProject;
			attributes = {
				CLASSPREFIX = ITunesFetcher;
				LastUpgradeCheck = 0460;
				ORGANIZATIONNAME = "Chris Hansen";
			};
			buildConfigurationList = E1F82EC916F2AE9300E8E353 /* Build configuration list for PBXProject "ITunesFetcher" */;
			compatibilityVersion = "Xcode 3.2";
			developmentRegion = English;
			hasScannedForEncodings = 0;
			knownRegions = (
				en,
			);
			mainGroup = E1F82EC516F2AE9300E8E353;
			productRefGroup = E1F82ECF16F2AE9300E8E353 /* Products */;
			projectDirPath = "";
			projectRoot = "";
			targets = (
				E1F82ECD16F2AE9300E8E353 /* ITunesFetcher */,
			);
		};
/* End PBXProject section */

/* Begin PBXResourcesBuildPhase section */
		E1F82ECC16F2AE9300E8E353 /* Resources */ = {
			isa = PBXResourcesBuildPhase;
			buildActionMask = 2147483647;
			files = (
				E1F82EDC16F2AE9300E8E353 /* InfoPlist.strings in Resources */,
				E1F82EE416F2AE9300E8E353 /* Default.png in Resources */,
				E1F82EE616F2AE9300E8E353 /* Default@2x.png in Resources */,
				E1F82EE816F2AE9300E8E353 /* Default-568h@2x.png in Resources */,
				E1F82EEB16F2AE9300E8E353 /* MainStoryboard.storyboard in Resources */,
				E160637A170298A70034FCB7 /* defaultmissingphoto.png in Resources */,
				E160637C170299C40034FCB7 /* 1364371582_App_A.png in Resources */,
				E160637E17029D110034FCB7 /* 32-iphone.png in Resources */,
				E160638017029D330034FCB7 /* 46-movie-2.png in Resources */,
				E160638217029D6B0034FCB7 /* 65-note.png in Resources */,
				E160638417029D900034FCB7 /* 96-book.png in Resources */,
				E160638617029DD10034FCB7 /* 66-microphone.png in Resources */,
				E160638817029E040034FCB7 /* 140-gradhat.png in Resources */,
				E160638A17029F410034FCB7 /* 32-iphone@2x.png in Resources */,
				E1382DC91702A43F00D18D8F /* rssIconRetina.png in Resources */,
				E1382DCB1702A47900D18D8F /* rssIconNormal.png in Resources */,
				E1382DCD1702A54300D18D8F /* 140-gradhat@2x.png in Resources */,
				E1382DD11702A62200D18D8F /* 96-book@2x.png in Resources */,
				E1382DD71702A70900D18D8F /* 66-microphone@2x.png in Resources */,
				E1382DDD1702A7BD00D18D8F /* 65-note@2x.png in Resources */,
				E15F3AC11705137600AEAC2F /* Button.png in Resources */,
			);
			runOnlyForDeploymentPostprocessing = 0;
		};
/* End PBXResourcesBuildPhase section */

/* Begin PBXSourcesBuildPhase section */
		E1F82ECA16F2AE9300E8E353 /* Sources */ = {
			isa = PBXSourcesBuildPhase;
			buildActionMask = 2147483647;
			files = (
				E1F82EDE16F2AE9300E8E353 /* main.m in Sources */,
				E1F82EE216F2AE9300E8E353 /* ITunesFetcherAppDelegate.m in Sources */,
				E17956BA16F658A300AAD763 /* ITunesFetcher.m in Sources */,
				E17956BD16F658B200AAD763 /* ITunesMediaItem.m in Sources */,
				E17956C116F658E800AAD763 /* ITunesMediaItemTableViewCell.m in Sources */,
				E17956C516F6594E00AAD763 /* FreeAppsViewController.m in Sources */,
				E17956C916F6597000AAD763 /* SongsViewController.m in Sources */,
				E17956CC16F6598A00AAD763 /* ITunesUViewController.m in Sources */,
				E17956CF16F659BA00AAD763 /* MoviesViewController.m in Sources */,
				E17956D216F65B5A00AAD763 /* BooksViewController.m in Sources */,
				E17956D516F65B6B00AAD763 /* PodcastsViewController.m in Sources */,
				E1D1ABBD16FE70CC00FA2EDD /* ITunesMediaItemDetailViewController.m in Sources */,
				E1FB00FE1703548600EFFEE0 /* ITunesFetcherData.m in Sources */,
				E15F3ACA17052EB500AEAC2F /* ITunesFetcherTableViewController.m in Sources */,
			);
			runOnlyForDeploymentPostprocessing = 0;
		};
/* End PBXSourcesBuildPhase section */

/* Begin PBXVariantGroup section */
		E1F82EDA16F2AE9300E8E353 /* InfoPlist.strings */ = {
			isa = PBXVariantGroup;
			children = (
				E1F82EDB16F2AE9300E8E353 /* en */,
			);
			name = InfoPlist.strings;
			sourceTree = "<group>";
		};
		E1F82EE916F2AE9300E8E353 /* MainStoryboard.storyboard */ = {
			isa = PBXVariantGroup;
			children = (
				E1F82EEA16F2AE9300E8E353 /* en */,
			);
			name = MainStoryboard.storyboard;
			sourceTree = "<group>";
		};
/* End PBXVariantGroup section */

/* Begin XCBuildConfiguration section */
		E1F82EEF16F2AE9300E8E353 /* Debug */ = {
			isa = XCBuildConfiguration;
			buildSettings = {
				ALWAYS_SEARCH_USER_PATHS = NO;
				CLANG_CXX_LANGUAGE_STANDARD = "gnu++0x";
				CLANG_CXX_LIBRARY = "libc++";
				CLANG_ENABLE_OBJC_ARC = YES;
				CLANG_WARN_CONSTANT_CONVERSION = YES;
				CLANG_WARN_EMPTY_BODY = YES;
				CLANG_WARN_ENUM_CONVERSION = YES;
				CLANG_WARN_INT_CONVERSION = YES;
				CLANG_WARN__DUPLICATE_METHOD_MATCH = YES;
				"CODE_SIGN_IDENTITY[sdk=iphoneos*]" = "iPhone Developer";
				COPY_PHASE_STRIP = NO;
				GCC_C_LANGUAGE_STANDARD = gnu99;
				GCC_DYNAMIC_NO_PIC = NO;
				GCC_OPTIMIZATION_LEVEL = 0;
				GCC_PREPROCESSOR_DEFINITIONS = (
					"DEBUG=1",
					"$(inherited)",
				);
				GCC_SYMBOLS_PRIVATE_EXTERN = NO;
				GCC_WARN_ABOUT_RETURN_TYPE = YES;
				GCC_WARN_UNINITIALIZED_AUTOS = YES;
				GCC_WARN_UNUSED_VARIABLE = YES;
				IPHONEOS_DEPLOYMENT_TARGET = 6.1;
				ONLY_ACTIVE_ARCH = YES;
				SDKROOT = iphoneos;
			};
			name = Debug;
		};
		E1F82EF016F2AE9300E8E353 /* Release */ = {
			isa = XCBuildConfiguration;
			buildSettings = {
				ALWAYS_SEARCH_USER_PATHS = NO;
				CLANG_CXX_LANGUAGE_STANDARD = "gnu++0x";
				CLANG_CXX_LIBRARY = "libc++";
				CLANG_ENABLE_OBJC_ARC = YES;
				CLANG_WARN_CONSTANT_CONVERSION = YES;
				CLANG_WARN_EMPTY_BODY = YES;
				CLANG_WARN_ENUM_CONVERSION = YES;
				CLANG_WARN_INT_CONVERSION = YES;
				CLANG_WARN__DUPLICATE_METHOD_MATCH = YES;
				"CODE_SIGN_IDENTITY[sdk=iphoneos*]" = "iPhone Developer";
				COPY_PHASE_STRIP = YES;
				GCC_C_LANGUAGE_STANDARD = gnu99;
				GCC_WARN_ABOUT_RETURN_TYPE = YES;
				GCC_WARN_UNINITIALIZED_AUTOS = YES;
				GCC_WARN_UNUSED_VARIABLE = YES;
				IPHONEOS_DEPLOYMENT_TARGET = 6.1;
				OTHER_CFLAGS = "-DNS_BLOCK_ASSERTIONS=1";
				SDKROOT = iphoneos;
				VALIDATE_PRODUCT = YES;
			};
			name = Release;
		};
		E1F82EF216F2AE9300E8E353 /* Debug */ = {
			isa = XCBuildConfiguration;
			buildSettings = {
				GCC_PRECOMPILE_PREFIX_HEADER = YES;
				GCC_PREFIX_HEADER = "ITunesFetcher/ITunesFetcher-Prefix.pch";
				INFOPLIST_FILE = "ITunesFetcher/ITunesFetcher-Info.plist";
				PRODUCT_NAME = "$(TARGET_NAME)";
				TARGETED_DEVICE_FAMILY = 1;
				WRAPPER_EXTENSION = app;
			};
			name = Debug;
		};
		E1F82EF316F2AE9300E8E353 /* Release */ = {
			isa = XCBuildConfiguration;
			buildSettings = {
				GCC_PRECOMPILE_PREFIX_HEADER = YES;
				GCC_PREFIX_HEADER = "ITunesFetcher/ITunesFetcher-Prefix.pch";
				INFOPLIST_FILE = "ITunesFetcher/ITunesFetcher-Info.plist";
				PRODUCT_NAME = "$(TARGET_NAME)";
				TARGETED_DEVICE_FAMILY = 1;
				WRAPPER_EXTENSION = app;
			};
			name = Release;
		};
/* End XCBuildConfiguration section */

/* Begin XCConfigurationList section */
		E1F82EC916F2AE9300E8E353 /* Build configuration list for PBXProject "ITunesFetcher" */ = {
			isa = XCConfigurationList;
			buildConfigurations = (
				E1F82EEF16F2AE9300E8E353 /* Debug */,
				E1F82EF016F2AE9300E8E353 /* Release */,
			);
			defaultConfigurationIsVisible = 0;
			defaultConfigurationName = Release;
		};
		E1F82EF116F2AE9300E8E353 /* Build configuration list for PBXNativeTarget "ITunesFetcher" */ = {
			isa = XCConfigurationList;
			buildConfigurations = (
				E1F82EF216F2AE9300E8E353 /* Debug */,
				E1F82EF316F2AE9300E8E353 /* Release */,
			);
			defaultConfigurationIsVisible = 0;
			defaultConfigurationName = Release;
		};
/* End XCConfigurationList section */
	};
	rootObject = E1F82EC616F2AE9300E8E353 /* Project object */;
}
